// !$*UTF8*$!
{
	archiveVersion = 1;
	classes = {
	};
	objectVersion = 46;
	objects = {

/* Begin PBXBuildFile section */
		D92E33B41D081F6200BF7AD4 /* AppDelegate.swift in Sources */ = {isa = PBXBuildFile; fileRef = D92E33B31D081F6200BF7AD4 /* AppDelegate.swift */; };
		D92E33B61D081F6200BF7AD4 /* ViewController.swift in Sources */ = {isa = PBXBuildFile; fileRef = D92E33B51D081F6200BF7AD4 /* ViewController.swift */; };
		D92E33B91D081F6200BF7AD4 /* Main.storyboard in Resources */ = {isa = PBXBuildFile; fileRef = D92E33B71D081F6200BF7AD4 /* Main.storyboard */; };
		D92E33BB1D081F6200BF7AD4 /* Assets.xcassets in Resources */ = {isa = PBXBuildFile; fileRef = D92E33BA1D081F6200BF7AD4 /* Assets.xcassets */; };
		D92E33BE1D081F6200BF7AD4 /* LaunchScreen.storyboard in Resources */ = {isa = PBXBuildFile; fileRef = D92E33BC1D081F6200BF7AD4 /* LaunchScreen.storyboard */; };
		D92E33C61D08203600BF7AD4 /* MapKit.framework in Frameworks */ = {isa = PBXBuildFile; fileRef = D92E33C51D08203600BF7AD4 /* MapKit.framework */; };
		D92E33C81D08322600BF7AD4 /* Spot.swift in Sources */ = {isa = PBXBuildFile; fileRef = D92E33C71D08322600BF7AD4 /* Spot.swift */; };
		D92E33CF1D083D9A00BF7AD4 /* SpotTableViewCell.swift in Sources */ = {isa = PBXBuildFile; fileRef = D92E33CD1D083D9A00BF7AD4 /* SpotTableViewCell.swift */; };
		D92E33D01D083D9A00BF7AD4 /* SpotTableViewCell.xib in Resources */ = {isa = PBXBuildFile; fileRef = D92E33CE1D083D9A00BF7AD4 /* SpotTableViewCell.xib */; };
/* End PBXBuildFile section */

/* Begin PBXFileReference section */
		D92E33B01D081F6200BF7AD4 /* iXplore.app */ = {isa = PBXFileReference; explicitFileType = wrapper.application; includeInIndex = 0; path = iXplore.app; sourceTree = BUILT_PRODUCTS_DIR; };
		D92E33B31D081F6200BF7AD4 /* AppDelegate.swift */ = {isa = PBXFileReference; lastKnownFileType = sourcecode.swift; path = AppDelegate.swift; sourceTree = "<group>"; };
		D92E33B51D081F6200BF7AD4 /* ViewController.swift */ = {isa = PBXFileReference; lastKnownFileType = sourcecode.swift; path = ViewController.swift; sourceTree = "<group>"; };
		D92E33B81D081F6200BF7AD4 /* Base */ = {isa = PBXFileReference; lastKnownFileType = file.storyboard; name = Base; path = Base.lproj/Main.storyboard; sourceTree = "<group>"; };
		D92E33BA1D081F6200BF7AD4 /* Assets.xcassets */ = {isa = PBXFileReference; lastKnownFileType = folder.assetcatalog; path = Assets.xcassets; sourceTree = "<group>"; };
		D92E33BD1D081F6200BF7AD4 /* Base */ = {isa = PBXFileReference; lastKnownFileType = file.storyboard; name = Base; path = Base.lproj/LaunchScreen.storyboard; sourceTree = "<group>"; };
		D92E33BF1D081F6200BF7AD4 /* Info.plist */ = {isa = PBXFileReference; lastKnownFileType = text.plist.xml; path = Info.plist; sourceTree = "<group>"; };
		D92E33C51D08203600BF7AD4 /* MapKit.framework */ = {isa = PBXFileReference; lastKnownFileType = wrapper.framework; name = MapKit.framework; path = System/Library/Frameworks/MapKit.framework; sourceTree = SDKROOT; };
		D92E33C71D08322600BF7AD4 /* Spot.swift */ = {isa = PBXFileReference; fileEncoding = 4; lastKnownFileType = sourcecode.swift; path = Spot.swift; sourceTree = "<group>"; };
		D92E33CD1D083D9A00BF7AD4 /* SpotTableViewCell.swift */ = {isa = PBXFileReference; fileEncoding = 4; lastKnownFileType = sourcecode.swift; path = SpotTableViewCell.swift; sourceTree = "<group>"; };
		D92E33CE1D083D9A00BF7AD4 /* SpotTableViewCell.xib */ = {isa = PBXFileReference; fileEncoding = 4; lastKnownFileType = file.xib; path = SpotTableViewCell.xib; sourceTree = "<group>"; };
/* End PBXFileReference section */

/* Begin PBXFrameworksBuildPhase section */
		D92E33AD1D081F6200BF7AD4 /* Frameworks */ = {
			isa = PBXFrameworksBuildPhase;
			buildActionMask = 2147483647;
			files = (
				D92E33C61D08203600BF7AD4 /* MapKit.framework in Frameworks */,
			);
			runOnlyForDeploymentPostprocessing = 0;
		};
/* End PBXFrameworksBuildPhase section */

/* Begin PBXGroup section */
		D92E33A71D081F6200BF7AD4 = {
			isa = PBXGroup;
			children = (
				D92E33CD1D083D9A00BF7AD4 /* SpotTableViewCell.swift */,
				D92E33CE1D083D9A00BF7AD4 /* SpotTableViewCell.xib */,
				D92E33C51D08203600BF7AD4 /* MapKit.framework */,
				D92E33B21D081F6200BF7AD4 /* iXplore */,
				D92E33B11D081F6200BF7AD4 /* Products */,
			);
			sourceTree = "<group>";
		};
		D92E33B11D081F6200BF7AD4 /* Products */ = {
			isa = PBXGroup;
			children = (
				D92E33B01D081F6200BF7AD4 /* iXplore.app */,
			);
			name = Products;
			sourceTree = "<group>";
		};
		D92E33B21D081F6200BF7AD4 /* iXplore */ = {
			isa = PBXGroup;
			children = (
				D92E33B31D081F6200BF7AD4 /* AppDelegate.swift */,
				D92E33B51D081F6200BF7AD4 /* ViewController.swift */,
				D92E33B71D081F6200BF7AD4 /* Main.storyboard */,
				D92E33BA1D081F6200BF7AD4 /* Assets.xcassets */,
				D92E33BC1D081F6200BF7AD4 /* LaunchScreen.storyboard */,
				D92E33C71D08322600BF7AD4 /* Spot.swift */,
				D92E33BF1D081F6200BF7AD4 /* Info.plist */,
			);
			path = iXplore;
			sourceTree = "<group>";
		};
/* End PBXGroup section */

/* Begin PBXNativeTarget section */
		D92E33AF1D081F6200BF7AD4 /* iXplore */ = {
			isa = PBXNativeTarget;
			buildConfigurationList = D92E33C21D081F6200BF7AD4 /* Build configuration list for PBXNativeTarget "iXplore" */;
			buildPhases = (
				D92E33AC1D081F6200BF7AD4 /* Sources */,
				D92E33AD1D081F6200BF7AD4 /* Frameworks */,
				D92E33AE1D081F6200BF7AD4 /* Resources */,
			);
			buildRules = (
			);
			dependencies = (
			);
			name = iXplore;
			productName = iXplore;
			productReference = D92E33B01D081F6200BF7AD4 /* iXplore.app */;
			productType = "com.apple.product-type.application";
		};
/* End PBXNativeTarget section */

/* Begin PBXProject section */
		D92E33A81D081F6200BF7AD4 /* Project object */ = {
			isa = PBXProject;
			attributes = {
				LastSwiftUpdateCheck = 0730;
				LastUpgradeCheck = 0730;
				ORGANIZATIONNAME = "Ryan Davey";
				TargetAttributes = {
					D92E33AF1D081F6200BF7AD4 = {
						CreatedOnToolsVersion = 7.3.1;
						DevelopmentTeam = 673WT6MH33;
						SystemCapabilities = {
							com.apple.Maps.iOS = {
								enabled = 1;
							};
						};
					};
				};
			};
			buildConfigurationList = D92E33AB1D081F6200BF7AD4 /* Build configuration list for PBXProject "iXplore" */;
			compatibilityVersion = "Xcode 3.2";
			developmentRegion = English;
			hasScannedForEncodings = 0;
			knownRegions = (
				en,
				Base,
			);
			mainGroup = D92E33A71D081F6200BF7AD4;
			productRefGroup = D92E33B11D081F6200BF7AD4 /* Products */;
			projectDirPath = "";
			projectRoot = "";
			targets = (
				D92E33AF1D081F6200BF7AD4 /* iXplore */,
			);
		};
/* End PBXProject section */

/* Begin PBXResourcesBuildPhase section */
		D92E33AE1D081F6200BF7AD4 /* Resources */ = {
			isa = PBXResourcesBuildPhase;
			buildActionMask = 2147483647;
			files = (
				D92E33BE1D081F6200BF7AD4 /* LaunchScreen.storyboard in Resources */,
				D92E33BB1D081F6200BF7AD4 /* Assets.xcassets in Resources */,
				D92E33B91D081F6200BF7AD4 /* Main.storyboard in Resources */,
				D92E33D01D083D9A00BF7AD4 /* SpotTableViewCell.xib in Resources */,
			);
			runOnlyForDeploymentPostprocessing = 0;
		};
/* End PBXResourcesBuildPhase section */

/* Begin PBXSourcesBuildPhase section */
		D92E33AC1D081F6200BF7AD4 /* Sources */ = {
			isa = PBXSourcesBuildPhase;
			buildActionMask = 2147483647;
			files = (
				D92E33B61D081F6200BF7AD4 /* ViewController.swift in Sources */,
				D92E33C81D08322600BF7AD4 /* Spot.swift in Sources */,
				D92E33B41D081F6200BF7AD4 /* AppDelegate.swift in Sources */,
				D92E33CF1D083D9A00BF7AD4 /* SpotTableViewCell.swift in Sources */,
			);
			runOnlyForDeploymentPostprocessing = 0;
		};
/* End PBXSourcesBuildPhase section */

/* Begin PBXVariantGroup section */
		D92E33B71D081F6200BF7AD4 /* Main.storyboard */ = {
			isa = PBXVariantGroup;
			children = (
				D92E33B81D081F6200BF7AD4 /* Base */,
			);
			name = Main.storyboard;
			sourceTree = "<group>";
		};
		D92E33BC1D081F6200BF7AD4 /* LaunchScreen.storyboard */ = {
			isa = PBXVariantGroup;
			children = (
				D92E33BD1D081F6200BF7AD4 /* Base */,
			);
			name = LaunchScreen.storyboard;
			sourceTree = "<group>";
		};
/* End PBXVariantGroup section */

/* Begin XCBuildConfiguration section */
		D92E33C01D081F6200BF7AD4 /* Debug */ = {
			isa = XCBuildConfiguration;
			buildSettings = {
				ALWAYS_SEARCH_USER_PATHS = NO;
				CLANG_ANALYZER_NONNULL = YES;
				CLANG_CXX_LANGUAGE_STANDARD = "gnu++0x";
				CLANG_CXX_LIBRARY = "libc++";
				CLANG_ENABLE_MODULES = YES;
				CLANG_ENABLE_OBJC_ARC = YES;
				CLANG_WARN_BOOL_CONVERSION = YES;
				CLANG_WARN_CONSTANT_CONVERSION = YES;
				CLANG_WARN_DIRECT_OBJC_ISA_USAGE = YES_ERROR;
				CLANG_WARN_EMPTY_BODY = YES;
				CLANG_WARN_ENUM_CONVERSION = YES;
				CLANG_WARN_INT_CONVERSION = YES;
				CLANG_WARN_OBJC_ROOT_CLASS = YES_ERROR;
				CLANG_WARN_UNREACHABLE_CODE = YES;
				CLANG_WARN__DUPLICATE_METHOD_MATCH = YES;
				"CODE_SIGN_IDENTITY[sdk=iphoneos*]" = "iPhone Developer";
				COPY_PHASE_STRIP = NO;
				DEBUG_INFORMATION_FORMAT = dwarf;
				ENABLE_STRICT_OBJC_MSGSEND = YES;
				ENABLE_TESTABILITY = YES;
				GCC_C_LANGUAGE_STANDARD = gnu99;
				GCC_DYNAMIC_NO_PIC = NO;
				GCC_NO_COMMON_BLOCKS = YES;
				GCC_OPTIMIZATION_LEVEL = 0;
				GCC_PREPROCESSOR_DEFINITIONS = (
					"DEBUG=1",
					"$(inherited)",
				);
				GCC_WARN_64_TO_32_BIT_CONVERSION = YES;
				GCC_WARN_ABOUT_RETURN_TYPE = YES_ERROR;
				GCC_WARN_UNDECLARED_SELECTOR = YES;
				GCC_WARN_UNINITIALIZED_AUTOS = YES_AGGRESSIVE;
				GCC_WARN_UNUSED_FUNCTION = YES;
				GCC_WARN_UNUSED_VARIABLE = YES;
				IPHONEOS_DEPLOYMENT_TARGET = 9.3;
				MTL_ENABLE_DEBUG_INFO = YES;
				ONLY_ACTIVE_ARCH = YES;
				SDKROOT = iphoneos;
				SWIFT_OPTIMIZATION_LEVEL = "-Onone";
			};
			name = Debug;
		};
		D92E33C11D081F6200BF7AD4 /* Release */ = {
			isa = XCBuildConfiguration;
			buildSettings = {
				ALWAYS_SEARCH_USER_PATHS = NO;
				CLANG_ANALYZER_NONNULL = YES;
				CLANG_CXX_LANGUAGE_STANDARD = "gnu++0x";
				CLANG_CXX_LIBRARY = "libc++";
				CLANG_ENABLE_MODULES = YES;
				CLANG_ENABLE_OBJC_ARC = YES;
				CLANG_WARN_BOOL_CONVERSION = YES;
				CLANG_WARN_CONSTANT_CONVERSION = YES;
				CLANG_WARN_DIRECT_OBJC_ISA_USAGE = YES_ERROR;
				CLANG_WARN_EMPTY_BODY = YES;
				CLANG_WARN_ENUM_CONVERSION = YES;
				CLANG_WARN_INT_CONVERSION = YES;
				CLANG_WARN_OBJC_ROOT_CLASS = YES_ERROR;
				CLANG_WARN_UNREACHABLE_CODE = YES;
				CLANG_WARN__DUPLICATE_METHOD_MATCH = YES;
				"CODE_SIGN_IDENTITY[sdk=iphoneos*]" = "iPhone Developer";
				COPY_PHASE_STRIP = NO;
				DEBUG_INFORMATION_FORMAT = "dwarf-with-dsym";
				ENABLE_NS_ASSERTIONS = NO;
				ENABLE_STRICT_OBJC_MSGSEND = YES;
				GCC_C_LANGUAGE_STANDARD = gnu99;
				GCC_NO_COMMON_BLOCKS = YES;
				GCC_WARN_64_TO_32_BIT_CONVERSION = YES;
				GCC_WARN_ABOUT_RETURN_TYPE = YES_ERROR;
				GCC_WARN_UNDECLARED_SELECTOR = YES;
				GCC_WARN_UNINITIALIZED_AUTOS = YES_AGGRESSIVE;
				GCC_WARN_UNUSED_FUNCTION = YES;
				GCC_WARN_UNUSED_VARIABLE = YES;
				IPHONEOS_DEPLOYMENT_TARGET = 9.3;
				MTL_ENABLE_DEBUG_INFO = NO;
				SDKROOT = iphoneos;
				VALIDATE_PRODUCT = YES;
			};
			name = Release;
		};
		D92E33C31D081F6200BF7AD4 /* Debug */ = {
			isa = XCBuildConfiguration;
			buildSettings = {
				ASSETCATALOG_COMPILER_APPICON_NAME = AppIcon;
				INFOPLIST_FILE = iXplore/Info.plist;
				LD_RUNPATH_SEARCH_PATHS = "$(inherited) @executable_path/Frameworks";
				PRODUCT_BUNDLE_IDENTIFIER = com.ryandavey.iXplore;
				PRODUCT_NAME = "$(TARGET_NAME)";
			};
			name = Debug;
		};
		D92E33C41D081F6200BF7AD4 /* Release */ = {
			isa = XCBuildConfiguration;
			buildSettings = {
				ASSETCATALOG_COMPILER_APPICON_NAME = AppIcon;
				INFOPLIST_FILE = iXplore/Info.plist;
				LD_RUNPATH_SEARCH_PATHS = "$(inherited) @executable_path/Frameworks";
				PRODUCT_BUNDLE_IDENTIFIER = com.ryandavey.iXplore;
				PRODUCT_NAME = "$(TARGET_NAME)";
			};
			name = Release;
		};
/* End XCBuildConfiguration section */

/* Begin XCConfigurationList section */
		D92E33AB1D081F6200BF7AD4 /* Build configuration list for PBXProject "iXplore" */ = {
			isa = XCConfigurationList;
			buildConfigurations = (
				D92E33C01D081F6200BF7AD4 /* Debug */,
				D92E33C11D081F6200BF7AD4 /* Release */,
			);
			defaultConfigurationIsVisible = 0;
			defaultConfigurationName = Release;
		};
		D92E33C21D081F6200BF7AD4 /* Build configuration list for PBXNativeTarget "iXplore" */ = {
			isa = XCConfigurationList;
			buildConfigurations = (
				D92E33C31D081F6200BF7AD4 /* Debug */,
				D92E33C41D081F6200BF7AD4 /* Release */,
			);
			defaultConfigurationIsVisible = 0;
		};
/* End XCConfigurationList section */
	};
	rootObject = D92E33A81D081F6200BF7AD4 /* Project object */;
}
